// !$*UTF8*$!
{
	archiveVersion = 1;
	classes = {
	};
	objectVersion = 56;
	objects = {

/* Begin PBXBuildFile section */
		EBA10EAC2B2726D4001DD9FC /* JVWatchPartySDK in Frameworks */ = {isa = PBXBuildFile; productRef = EBA10EAB2B2726D4001DD9FC /* JVWatchPartySDK */; };
		F78D1B182ABD7B070077264C /* JioMeetJCWatchPartyDemoApp.swift in Sources */ = {isa = PBXBuildFile; fileRef = F78D1B172ABD7B070077264C /* JioMeetJCWatchPartyDemoApp.swift */; };
		F78D1B1C2ABD7B080077264C /* Assets.xcassets in Resources */ = {isa = PBXBuildFile; fileRef = F78D1B1B2ABD7B080077264C /* Assets.xcassets */; };
		F78D1B1F2ABD7B080077264C /* Preview Assets.xcassets in Resources */ = {isa = PBXBuildFile; fileRef = F78D1B1E2ABD7B080077264C /* Preview Assets.xcassets */; };
		F78D1B2D2ABD7C5D0077264C /* JioType-Bold.ttf in Resources */ = {isa = PBXBuildFile; fileRef = F78D1B272ABD7C5D0077264C /* JioType-Bold.ttf */; };
		F78D1B2E2ABD7C5D0077264C /* JioType-Light.ttf in Resources */ = {isa = PBXBuildFile; fileRef = F78D1B282ABD7C5D0077264C /* JioType-Light.ttf */; };
		F78D1B2F2ABD7C5D0077264C /* JioType.ttf in Resources */ = {isa = PBXBuildFile; fileRef = F78D1B292ABD7C5D0077264C /* JioType.ttf */; };
		F78D1B302ABD7C5D0077264C /* JioType-Hairline.ttf in Resources */ = {isa = PBXBuildFile; fileRef = F78D1B2A2ABD7C5D0077264C /* JioType-Hairline.ttf */; };
		F78D1B312ABD7C5D0077264C /* JioType-Medium.ttf in Resources */ = {isa = PBXBuildFile; fileRef = F78D1B2B2ABD7C5D0077264C /* JioType-Medium.ttf */; };
		F78D1B322ABD7C5D0077264C /* JioType-Black.ttf in Resources */ = {isa = PBXBuildFile; fileRef = F78D1B2C2ABD7C5D0077264C /* JioType-Black.ttf */; };
		F78D1B372ABD7CB40077264C /* DemoView.swift in Sources */ = {isa = PBXBuildFile; fileRef = F78D1B342ABD7CB40077264C /* DemoView.swift */; };
		F78D1B382ABD7CB40077264C /* LoginView.swift in Sources */ = {isa = PBXBuildFile; fileRef = F78D1B352ABD7CB40077264C /* LoginView.swift */; };
		F78D1B392ABD7CB40077264C /* PartyView.swift in Sources */ = {isa = PBXBuildFile; fileRef = F78D1B362ABD7CB40077264C /* PartyView.swift */; };
		F78D1B3F2AC166160077264C /* PartyManager.swift in Sources */ = {isa = PBXBuildFile; fileRef = F78D1B3E2AC166160077264C /* PartyManager.swift */; };
/* End PBXBuildFile section */

/* Begin PBXFileReference section */
		F78D1B142ABD7B070077264C /* JioMeetJCWatchPartyDemo.app */ = {isa = PBXFileReference; explicitFileType = wrapper.application; includeInIndex = 0; path = JioMeetJCWatchPartyDemo.app; sourceTree = BUILT_PRODUCTS_DIR; };
		F78D1B172ABD7B070077264C /* JioMeetJCWatchPartyDemoApp.swift */ = {isa = PBXFileReference; lastKnownFileType = sourcecode.swift; path = JioMeetJCWatchPartyDemoApp.swift; sourceTree = "<group>"; };
		F78D1B1B2ABD7B080077264C /* Assets.xcassets */ = {isa = PBXFileReference; lastKnownFileType = folder.assetcatalog; path = Assets.xcassets; sourceTree = "<group>"; };
		F78D1B1E2ABD7B080077264C /* Preview Assets.xcassets */ = {isa = PBXFileReference; lastKnownFileType = folder.assetcatalog; path = "Preview Assets.xcassets"; sourceTree = "<group>"; };
		F78D1B252ABD7BD50077264C /* Info.plist */ = {isa = PBXFileReference; lastKnownFileType = text.plist; path = Info.plist; sourceTree = "<group>"; };
		F78D1B272ABD7C5D0077264C /* JioType-Bold.ttf */ = {isa = PBXFileReference; lastKnownFileType = file; path = "JioType-Bold.ttf"; sourceTree = "<group>"; };
		F78D1B282ABD7C5D0077264C /* JioType-Light.ttf */ = {isa = PBXFileReference; lastKnownFileType = file; path = "JioType-Light.ttf"; sourceTree = "<group>"; };
		F78D1B292ABD7C5D0077264C /* JioType.ttf */ = {isa = PBXFileReference; lastKnownFileType = file; path = JioType.ttf; sourceTree = "<group>"; };
		F78D1B2A2ABD7C5D0077264C /* JioType-Hairline.ttf */ = {isa = PBXFileReference; lastKnownFileType = file; path = "JioType-Hairline.ttf"; sourceTree = "<group>"; };
		F78D1B2B2ABD7C5D0077264C /* JioType-Medium.ttf */ = {isa = PBXFileReference; lastKnownFileType = file; path = "JioType-Medium.ttf"; sourceTree = "<group>"; };
		F78D1B2C2ABD7C5D0077264C /* JioType-Black.ttf */ = {isa = PBXFileReference; lastKnownFileType = file; path = "JioType-Black.ttf"; sourceTree = "<group>"; };
		F78D1B342ABD7CB40077264C /* DemoView.swift */ = {isa = PBXFileReference; fileEncoding = 4; lastKnownFileType = sourcecode.swift; path = DemoView.swift; sourceTree = "<group>"; };
		F78D1B352ABD7CB40077264C /* LoginView.swift */ = {isa = PBXFileReference; fileEncoding = 4; lastKnownFileType = sourcecode.swift; path = LoginView.swift; sourceTree = "<group>"; };
		F78D1B362ABD7CB40077264C /* PartyView.swift */ = {isa = PBXFileReference; fileEncoding = 4; lastKnownFileType = sourcecode.swift; path = PartyView.swift; sourceTree = "<group>"; };
		F78D1B3E2AC166160077264C /* PartyManager.swift */ = {isa = PBXFileReference; lastKnownFileType = sourcecode.swift; path = PartyManager.swift; sourceTree = "<group>"; };
/* End PBXFileReference section */

/* Begin PBXFrameworksBuildPhase section */
		F78D1B112ABD7B070077264C /* Frameworks */ = {
			isa = PBXFrameworksBuildPhase;
			buildActionMask = 2147483647;
			files = (
				EBA10EAC2B2726D4001DD9FC /* JVWatchPartySDK in Frameworks */,
			);
			runOnlyForDeploymentPostprocessing = 0;
		};
/* End PBXFrameworksBuildPhase section */

/* Begin PBXGroup section */
		F78D1B0B2ABD7B070077264C = {
			isa = PBXGroup;
			children = (
				F78D1B162ABD7B070077264C /* JioMeetJCWatchPartyDemo */,
				F78D1B152ABD7B070077264C /* Products */,
			);
			sourceTree = "<group>";
		};
		F78D1B152ABD7B070077264C /* Products */ = {
			isa = PBXGroup;
			children = (
				F78D1B142ABD7B070077264C /* JioMeetJCWatchPartyDemo.app */,
			);
			name = Products;
			sourceTree = "<group>";
		};
		F78D1B162ABD7B070077264C /* JioMeetJCWatchPartyDemo */ = {
			isa = PBXGroup;
			children = (
				F78D1B172ABD7B070077264C /* JioMeetJCWatchPartyDemoApp.swift */,
				F78D1B3D2AC165FF0077264C /* Manager */,
				F78D1B332ABD7CB40077264C /* View */,
				F78D1B262ABD7C5D0077264C /* Fonts */,
				F78D1B252ABD7BD50077264C /* Info.plist */,
				F78D1B1B2ABD7B080077264C /* Assets.xcassets */,
				F78D1B1D2ABD7B080077264C /* Preview Content */,
			);
			path = JioMeetJCWatchPartyDemo;
			sourceTree = "<group>";
		};
		F78D1B1D2ABD7B080077264C /* Preview Content */ = {
			isa = PBXGroup;
			children = (
				F78D1B1E2ABD7B080077264C /* Preview Assets.xcassets */,
			);
			path = "Preview Content";
			sourceTree = "<group>";
		};
		F78D1B262ABD7C5D0077264C /* Fonts */ = {
			isa = PBXGroup;
			children = (
				F78D1B272ABD7C5D0077264C /* JioType-Bold.ttf */,
				F78D1B282ABD7C5D0077264C /* JioType-Light.ttf */,
				F78D1B292ABD7C5D0077264C /* JioType.ttf */,
				F78D1B2A2ABD7C5D0077264C /* JioType-Hairline.ttf */,
				F78D1B2B2ABD7C5D0077264C /* JioType-Medium.ttf */,
				F78D1B2C2ABD7C5D0077264C /* JioType-Black.ttf */,
			);
			path = Fonts;
			sourceTree = "<group>";
		};
		F78D1B332ABD7CB40077264C /* View */ = {
			isa = PBXGroup;
			children = (
				F78D1B342ABD7CB40077264C /* DemoView.swift */,
				F78D1B352ABD7CB40077264C /* LoginView.swift */,
				F78D1B362ABD7CB40077264C /* PartyView.swift */,
			);
			path = View;
			sourceTree = "<group>";
		};
		F78D1B3D2AC165FF0077264C /* Manager */ = {
			isa = PBXGroup;
			children = (
				F78D1B3E2AC166160077264C /* PartyManager.swift */,
			);
			path = Manager;
			sourceTree = "<group>";
		};
/* End PBXGroup section */

/* Begin PBXNativeTarget section */
		F78D1B132ABD7B070077264C /* JioMeetJCWatchPartyDemo */ = {
			isa = PBXNativeTarget;
			buildConfigurationList = F78D1B222ABD7B080077264C /* Build configuration list for PBXNativeTarget "JioMeetJCWatchPartyDemo" */;
			buildPhases = (
				F78D1B102ABD7B070077264C /* Sources */,
				F78D1B112ABD7B070077264C /* Frameworks */,
				F78D1B122ABD7B070077264C /* Resources */,
			);
			buildRules = (
			);
			dependencies = (
			);
			name = JioMeetJCWatchPartyDemo;
			packageProductDependencies = (
				EBA10EAB2B2726D4001DD9FC /* JVWatchPartySDK */,
			);
			productName = JioMeetJCWatchPartyDemo;
			productReference = F78D1B142ABD7B070077264C /* JioMeetJCWatchPartyDemo.app */;
			productType = "com.apple.product-type.application";
		};
/* End PBXNativeTarget section */

/* Begin PBXProject section */
		F78D1B0C2ABD7B070077264C /* Project object */ = {
			isa = PBXProject;
			attributes = {
				BuildIndependentTargetsInParallel = 1;
				LastSwiftUpdateCheck = 1430;
				LastUpgradeCheck = 1430;
				TargetAttributes = {
					F78D1B132ABD7B070077264C = {
						CreatedOnToolsVersion = 14.3.1;
					};
				};
			};
			buildConfigurationList = F78D1B0F2ABD7B070077264C /* Build configuration list for PBXProject "JioMeetJCWatchPartyDemo" */;
			compatibilityVersion = "Xcode 14.0";
			developmentRegion = en;
			hasScannedForEncodings = 0;
			knownRegions = (
				en,
				Base,
			);
			mainGroup = F78D1B0B2ABD7B070077264C;
			packageReferences = (
				EBA10EAA2B2726D4001DD9FC /* XCRemoteSwiftPackageReference "JioMeetJCWatchPartyTemplateSDK_iOS" */,
			);
			productRefGroup = F78D1B152ABD7B070077264C /* Products */;
			projectDirPath = "";
			projectRoot = "";
			targets = (
				F78D1B132ABD7B070077264C /* JioMeetJCWatchPartyDemo */,
			);
		};
/* End PBXProject section */

/* Begin PBXResourcesBuildPhase section */
		F78D1B122ABD7B070077264C /* Resources */ = {
			isa = PBXResourcesBuildPhase;
			buildActionMask = 2147483647;
			files = (
				F78D1B1F2ABD7B080077264C /* Preview Assets.xcassets in Resources */,
				F78D1B312ABD7C5D0077264C /* JioType-Medium.ttf in Resources */,
				F78D1B302ABD7C5D0077264C /* JioType-Hairline.ttf in Resources */,
				F78D1B322ABD7C5D0077264C /* JioType-Black.ttf in Resources */,
				F78D1B2D2ABD7C5D0077264C /* JioType-Bold.ttf in Resources */,
				F78D1B2E2ABD7C5D0077264C /* JioType-Light.ttf in Resources */,
				F78D1B1C2ABD7B080077264C /* Assets.xcassets in Resources */,
				F78D1B2F2ABD7C5D0077264C /* JioType.ttf in Resources */,
			);
			runOnlyForDeploymentPostprocessing = 0;
		};
/* End PBXResourcesBuildPhase section */

/* Begin PBXSourcesBuildPhase section */
		F78D1B102ABD7B070077264C /* Sources */ = {
			isa = PBXSourcesBuildPhase;
			buildActionMask = 2147483647;
			files = (
				F78D1B3F2AC166160077264C /* PartyManager.swift in Sources */,
				F78D1B372ABD7CB40077264C /* DemoView.swift in Sources */,
				F78D1B392ABD7CB40077264C /* PartyView.swift in Sources */,
				F78D1B382ABD7CB40077264C /* LoginView.swift in Sources */,
				F78D1B182ABD7B070077264C /* JioMeetJCWatchPartyDemoApp.swift in Sources */,
			);
			runOnlyForDeploymentPostprocessing = 0;
		};
/* End PBXSourcesBuildPhase section */

/* Begin XCBuildConfiguration section */
		F78D1B202ABD7B080077264C /* Debug */ = {
			isa = XCBuildConfiguration;
			buildSettings = {
				ALWAYS_SEARCH_USER_PATHS = NO;
				CLANG_ANALYZER_NONNULL = YES;
				CLANG_ANALYZER_NUMBER_OBJECT_CONVERSION = YES_AGGRESSIVE;
				CLANG_CXX_LANGUAGE_STANDARD = "gnu++20";
				CLANG_ENABLE_MODULES = YES;
				CLANG_ENABLE_OBJC_ARC = YES;
				CLANG_ENABLE_OBJC_WEAK = YES;
				CLANG_WARN_BLOCK_CAPTURE_AUTORELEASING = YES;
				CLANG_WARN_BOOL_CONVERSION = YES;
				CLANG_WARN_COMMA = YES;
				CLANG_WARN_CONSTANT_CONVERSION = YES;
				CLANG_WARN_DEPRECATED_OBJC_IMPLEMENTATIONS = YES;
				CLANG_WARN_DIRECT_OBJC_ISA_USAGE = YES_ERROR;
				CLANG_WARN_DOCUMENTATION_COMMENTS = YES;
				CLANG_WARN_EMPTY_BODY = YES;
				CLANG_WARN_ENUM_CONVERSION = YES;
				CLANG_WARN_INFINITE_RECURSION = YES;
				CLANG_WARN_INT_CONVERSION = YES;
				CLANG_WARN_NON_LITERAL_NULL_CONVERSION = YES;
				CLANG_WARN_OBJC_IMPLICIT_RETAIN_SELF = YES;
				CLANG_WARN_OBJC_LITERAL_CONVERSION = YES;
				CLANG_WARN_OBJC_ROOT_CLASS = YES_ERROR;
				CLANG_WARN_QUOTED_INCLUDE_IN_FRAMEWORK_HEADER = YES;
				CLANG_WARN_RANGE_LOOP_ANALYSIS = YES;
				CLANG_WARN_STRICT_PROTOTYPES = YES;
				CLANG_WARN_SUSPICIOUS_MOVE = YES;
				CLANG_WARN_UNGUARDED_AVAILABILITY = YES_AGGRESSIVE;
				CLANG_WARN_UNREACHABLE_CODE = YES;
				CLANG_WARN__DUPLICATE_METHOD_MATCH = YES;
				COPY_PHASE_STRIP = NO;
				DEBUG_INFORMATION_FORMAT = dwarf;
				ENABLE_STRICT_OBJC_MSGSEND = YES;
				ENABLE_TESTABILITY = YES;
				GCC_C_LANGUAGE_STANDARD = gnu11;
				GCC_DYNAMIC_NO_PIC = NO;
				GCC_NO_COMMON_BLOCKS = YES;
				GCC_OPTIMIZATION_LEVEL = 0;
				GCC_PREPROCESSOR_DEFINITIONS = (
					"DEBUG=1",
					"$(inherited)",
				);
				GCC_WARN_64_TO_32_BIT_CONVERSION = YES;
				GCC_WARN_ABOUT_RETURN_TYPE = YES_ERROR;
				GCC_WARN_UNDECLARED_SELECTOR = YES;
				GCC_WARN_UNINITIALIZED_AUTOS = YES_AGGRESSIVE;
				GCC_WARN_UNUSED_FUNCTION = YES;
				GCC_WARN_UNUSED_VARIABLE = YES;
				IPHONEOS_DEPLOYMENT_TARGET = 16.4;
				MTL_ENABLE_DEBUG_INFO = INCLUDE_SOURCE;
				MTL_FAST_MATH = YES;
				ONLY_ACTIVE_ARCH = YES;
				SDKROOT = iphoneos;
				SWIFT_ACTIVE_COMPILATION_CONDITIONS = DEBUG;
				SWIFT_OPTIMIZATION_LEVEL = "-Onone";
			};
			name = Debug;
		};
		F78D1B212ABD7B080077264C /* Release */ = {
			isa = XCBuildConfiguration;
			buildSettings = {
				ALWAYS_SEARCH_USER_PATHS = NO;
				CLANG_ANALYZER_NONNULL = YES;
				CLANG_ANALYZER_NUMBER_OBJECT_CONVERSION = YES_AGGRESSIVE;
				CLANG_CXX_LANGUAGE_STANDARD = "gnu++20";
				CLANG_ENABLE_MODULES = YES;
				CLANG_ENABLE_OBJC_ARC = YES;
				CLANG_ENABLE_OBJC_WEAK = YES;
				CLANG_WARN_BLOCK_CAPTURE_AUTORELEASING = YES;
				CLANG_WARN_BOOL_CONVERSION = YES;
				CLANG_WARN_COMMA = YES;
				CLANG_WARN_CONSTANT_CONVERSION = YES;
				CLANG_WARN_DEPRECATED_OBJC_IMPLEMENTATIONS = YES;
				CLANG_WARN_DIRECT_OBJC_ISA_USAGE = YES_ERROR;
				CLANG_WARN_DOCUMENTATION_COMMENTS = YES;
				CLANG_WARN_EMPTY_BODY = YES;
				CLANG_WARN_ENUM_CONVERSION = YES;
				CLANG_WARN_INFINITE_RECURSION = YES;
				CLANG_WARN_INT_CONVERSION = YES;
				CLANG_WARN_NON_LITERAL_NULL_CONVERSION = YES;
				CLANG_WARN_OBJC_IMPLICIT_RETAIN_SELF = YES;
				CLANG_WARN_OBJC_LITERAL_CONVERSION = YES;
				CLANG_WARN_OBJC_ROOT_CLASS = YES_ERROR;
				CLANG_WARN_QUOTED_INCLUDE_IN_FRAMEWORK_HEADER = YES;
				CLANG_WARN_RANGE_LOOP_ANALYSIS = YES;
				CLANG_WARN_STRICT_PROTOTYPES = YES;
				CLANG_WARN_SUSPICIOUS_MOVE = YES;
				CLANG_WARN_UNGUARDED_AVAILABILITY = YES_AGGRESSIVE;
				CLANG_WARN_UNREACHABLE_CODE = YES;
				CLANG_WARN__DUPLICATE_METHOD_MATCH = YES;
				COPY_PHASE_STRIP = NO;
				DEBUG_INFORMATION_FORMAT = "dwarf-with-dsym";
				ENABLE_NS_ASSERTIONS = NO;
				ENABLE_STRICT_OBJC_MSGSEND = YES;
				GCC_C_LANGUAGE_STANDARD = gnu11;
				GCC_NO_COMMON_BLOCKS = YES;
				GCC_WARN_64_TO_32_BIT_CONVERSION = YES;
				GCC_WARN_ABOUT_RETURN_TYPE = YES_ERROR;
				GCC_WARN_UNDECLARED_SELECTOR = YES;
				GCC_WARN_UNINITIALIZED_AUTOS = YES_AGGRESSIVE;
				GCC_WARN_UNUSED_FUNCTION = YES;
				GCC_WARN_UNUSED_VARIABLE = YES;
				IPHONEOS_DEPLOYMENT_TARGET = 16.4;
				MTL_ENABLE_DEBUG_INFO = NO;
				MTL_FAST_MATH = YES;
				SDKROOT = iphoneos;
				SWIFT_COMPILATION_MODE = wholemodule;
				SWIFT_OPTIMIZATION_LEVEL = "-O";
				VALIDATE_PRODUCT = YES;
			};
			name = Release;
		};
		F78D1B232ABD7B080077264C /* Debug */ = {
			isa = XCBuildConfiguration;
			buildSettings = {
				ASSETCATALOG_COMPILER_APPICON_NAME = AppIcon;
				ASSETCATALOG_COMPILER_GLOBAL_ACCENT_COLOR_NAME = AccentColor;
				CODE_SIGN_STYLE = Automatic;
				CURRENT_PROJECT_VERSION = 1;
				DEVELOPMENT_ASSET_PATHS = "\"JioMeetJCWatchPartyDemo/Preview Content\"";
				DEVELOPMENT_TEAM = JPLWA947AM;
				ENABLE_PREVIEWS = YES;
				GENERATE_INFOPLIST_FILE = YES;
				INFOPLIST_FILE = JioMeetJCWatchPartyDemo/Info.plist;
				INFOPLIST_KEY_NSCameraUsageDescription = "Camera Usage for WatchParty Demo";
				INFOPLIST_KEY_NSMicrophoneUsageDescription = "Microphone Usage for WatchParty Demo";
				INFOPLIST_KEY_UIApplicationSceneManifest_Generation = YES;
				INFOPLIST_KEY_UIApplicationSupportsIndirectInputEvents = YES;
				INFOPLIST_KEY_UILaunchScreen_Generation = YES;
				INFOPLIST_KEY_UISupportedInterfaceOrientations_iPad = "UIInterfaceOrientationPortrait UIInterfaceOrientationPortraitUpsideDown UIInterfaceOrientationLandscapeLeft UIInterfaceOrientationLandscapeRight";
				INFOPLIST_KEY_UISupportedInterfaceOrientations_iPhone = "UIInterfaceOrientationPortrait UIInterfaceOrientationLandscapeLeft UIInterfaceOrientationLandscapeRight";
				LD_RUNPATH_SEARCH_PATHS = (
					"$(inherited)",
					"@executable_path/Frameworks",
				);
				MARKETING_VERSION = 1.0;
				PRODUCT_BUNDLE_IDENTIFIER = com.developer.JioMeetJCWatchPartyDemo;
				PRODUCT_NAME = "$(TARGET_NAME)";
				SWIFT_EMIT_LOC_STRINGS = YES;
				SWIFT_VERSION = 5.0;
				TARGETED_DEVICE_FAMILY = "1,2";
			};
			name = Debug;
		};
		F78D1B242ABD7B080077264C /* Release */ = {
			isa = XCBuildConfiguration;
			buildSettings = {
				ASSETCATALOG_COMPILER_APPICON_NAME = AppIcon;
				ASSETCATALOG_COMPILER_GLOBAL_ACCENT_COLOR_NAME = AccentColor;
				CODE_SIGN_STYLE = Automatic;
				CURRENT_PROJECT_VERSION = 1;
				DEVELOPMENT_ASSET_PATHS = "\"JioMeetJCWatchPartyDemo/Preview Content\"";
				DEVELOPMENT_TEAM = JPLWA947AM;
				ENABLE_PREVIEWS = YES;
				GENERATE_INFOPLIST_FILE = YES;
				INFOPLIST_FILE = JioMeetJCWatchPartyDemo/Info.plist;
				INFOPLIST_KEY_NSCameraUsageDescription = "Camera Usage for WatchParty Demo";
				INFOPLIST_KEY_NSMicrophoneUsageDescription = "Microphone Usage for WatchParty Demo";
				INFOPLIST_KEY_UIApplicationSceneManifest_Generation = YES;
				INFOPLIST_KEY_UIApplicationSupportsIndirectInputEvents = YES;
				INFOPLIST_KEY_UILaunchScreen_Generation = YES;
				INFOPLIST_KEY_UISupportedInterfaceOrientations_iPad = "UIInterfaceOrientationPortrait UIInterfaceOrientationPortraitUpsideDown UIInterfaceOrientationLandscapeLeft UIInterfaceOrientationLandscapeRight";
				INFOPLIST_KEY_UISupportedInterfaceOrientations_iPhone = "UIInterfaceOrientationPortrait UIInterfaceOrientationLandscapeLeft UIInterfaceOrientationLandscapeRight";
				LD_RUNPATH_SEARCH_PATHS = (
					"$(inherited)",
					"@executable_path/Frameworks",
				);
				MARKETING_VERSION = 1.0;
				PRODUCT_BUNDLE_IDENTIFIER = com.developer.JioMeetJCWatchPartyDemo;
				PRODUCT_NAME = "$(TARGET_NAME)";
				SWIFT_EMIT_LOC_STRINGS = YES;
				SWIFT_VERSION = 5.0;
				TARGETED_DEVICE_FAMILY = "1,2";
			};
			name = Release;
		};
/* End XCBuildConfiguration section */

/* Begin XCConfigurationList section */
		F78D1B0F2ABD7B070077264C /* Build configuration list for PBXProject "JioMeetJCWatchPartyDemo" */ = {
			isa = XCConfigurationList;
			buildConfigurations = (
				F78D1B202ABD7B080077264C /* Debug */,
				F78D1B212ABD7B080077264C /* Release */,
			);
			defaultConfigurationIsVisible = 0;
			defaultConfigurationName = Release;
		};
		F78D1B222ABD7B080077264C /* Build configuration list for PBXNativeTarget "JioMeetJCWatchPartyDemo" */ = {
			isa = XCConfigurationList;
			buildConfigurations = (
				F78D1B232ABD7B080077264C /* Debug */,
				F78D1B242ABD7B080077264C /* Release */,
			);
			defaultConfigurationIsVisible = 0;
			defaultConfigurationName = Release;
		};
/* End XCConfigurationList section */

/* Begin XCRemoteSwiftPackageReference section */
		EBA10EAA2B2726D4001DD9FC /* XCRemoteSwiftPackageReference "JioMeetJCWatchPartyTemplateSDK_iOS" */ = {
			isa = XCRemoteSwiftPackageReference;
			repositoryURL = "https://github.com/JioMeet/JioMeetJCWatchPartyTemplateSDK_iOS.git";
			requirement = {
				kind = exactVersion;
				version = 1.1.19;
			};
		};
/* End XCRemoteSwiftPackageReference section */

/* Begin XCSwiftPackageProductDependency section */
		EBA10EAB2B2726D4001DD9FC /* JVWatchPartySDK */ = {
			isa = XCSwiftPackageProductDependency;
			package = EBA10EAA2B2726D4001DD9FC /* XCRemoteSwiftPackageReference "JioMeetJCWatchPartyTemplateSDK_iOS" */;
			productName = JVWatchPartySDK;
		};
/* End XCSwiftPackageProductDependency section */
	};
	rootObject = F78D1B0C2ABD7B070077264C /* Project object */;
}
